
Microsoft Visual Studio Solution File, Format Version 12.00
# Visual Studio Version 16
VisualStudioVersion = 16.0.30907.101
MinimumVisualStudioVersion = 10.0.40219.1
Project("{FAE04EC0-301F-11D3-BF4B-00C04F79EFBC}") = "WindowsFormsApp1", "WindowsFormsApp1\WindowsFormsApp1.csproj", "{968CA906-156C-4972-999F-519E5E4F2853}"
EndProject
Project("{54435603-DBB4-11D2-8724-00A0C9A8B90C}") = "logiciel gestion de l'eau", "logiciel gestion de l'eau\logiciel gestion de l'eau.vdproj", "{7A3AE744-631D-4134-AB62-D7EF52CE5B50}"
EndProject
Global
	GlobalSection(SolutionConfigurationPlatforms) = preSolution
		Debug|Any CPU = Debug|Any CPU
		Release|Any CPU = Release|Any CPU
	EndGlobalSection
	GlobalSection(ProjectConfigurationPlatforms) = postSolution
		{968CA906-156C-4972-999F-519E5E4F2853}.Debug|Any CPU.ActiveCfg = Debug|Any CPU
		{968CA906-156C-4972-999F-519E5E4F2853}.Debug|Any CPU.Build.0 = Debug|Any CPU
		{968CA906-156C-4972-999F-519E5E4F2853}.Release|Any CPU.ActiveCfg = Release|Any CPU
		{968CA906-156C-4972-999F-519E5E4F2853}.Release|Any CPU.Build.0 = Release|Any CPU
		{7A3AE744-631D-4134-AB62-D7EF52CE5B50}.Debug|Any CPU.ActiveCfg = Debug
		{7A3AE744-631D-4134-AB62-D7EF52CE5B50}.Release|Any CPU.ActiveCfg = Release
	EndGlobalSection
	GlobalSection(SolutionProperties) = preSolution
		HideSolutionNode = FALSE
	EndGlobalSection
	GlobalSection(ExtensibilityGlobals) = postSolution
		SolutionGuid = {6AA83AA6-9F91-48CA-B69A-528F2EC8ABF5}
	EndGlobalSection
EndGlobal
